
Microsoft Visual Studio Solution File, Format Version 12.00
# Visual Studio 15
VisualStudioVersion = 15.0.26730.10
MinimumVisualStudioVersion = 10.0.40219.1
Project("{FAE04EC0-301F-11D3-BF4B-00C04F79EFBC}") = "Starship Engineer", "Starship Engineer.csproj", "{98953087-8C63-D2DD-ABA6-F96CCDBBF7B6}"
EndProject
Global
	GlobalSection(SolutionConfigurationPlatforms) = preSolution
		Debug|Any CPU = Debug|Any CPU
		Release|Any CPU = Release|Any CPU
	EndGlobalSection
	GlobalSection(ProjectConfigurationPlatforms) = postSolution
		{98953087-8C63-D2DD-ABA6-F96CCDBBF7B6}.Debug|Any CPU.ActiveCfg = Debug|Any CPU
		{98953087-8C63-D2DD-ABA6-F96CCDBBF7B6}.Debug|Any CPU.Build.0 = Debug|Any CPU
		{98953087-8C63-D2DD-ABA6-F96CCDBBF7B6}.Release|Any CPU.ActiveCfg = Release|Any CPU
		{98953087-8C63-D2DD-ABA6-F96CCDBBF7B6}.Release|Any CPU.Build.0 = Release|Any CPU
	EndGlobalSection
	GlobalSection(SolutionProperties) = preSolution
		HideSolutionNode = FALSE
	EndGlobalSection
	GlobalSection(ExtensibilityGlobals) = postSolution
		SolutionGuid = {38D4AC3A-AAA2-4C32-B9C2-1A3FCCD836BD}
	EndGlobalSection
	GlobalSection(TeamFoundationVersionControl) = preSolution
		SccNumberOfProjects = 2
		SccEnterpriseProvider = {4CA58AB2-18FA-4F8D-95D4-32DDF27D184C}
		SccTeamFoundationServer = https://evilteach.visualstudio.com/
		SccLocalPath0 = .
		SccProjectUniqueName1 = Starship\u0020Engineer.csproj
		SccLocalPath1 = .
	EndGlobalSection
EndGlobal
