
Microsoft Visual Studio Solution File, Format Version 12.00
# Visual Studio 15
VisualStudioVersion = 15.0.27703.2026
MinimumVisualStudioVersion = 10.0.40219.1
Project("{8BC9CEB8-8B4A-11D0-8D11-00A0C91BC942}") = "AbyssGates", "AbyssGates\AbyssGates.vcxproj", "{3C4C3160-4C60-48FA-BF61-669BECD2CB9A}"
EndProject
Project("{8BC9CEB8-8B4A-11D0-8D11-00A0C91BC942}") = "FileRename", "FileRename\FileRename.vcxproj", "{B1B40067-E616-430F-B0AD-BC9EE77BEE27}"
EndProject
Project("{8BC9CEB8-8B4A-11D0-8D11-00A0C91BC942}") = "OrganizeBookmarks", "OrganizeBookmarks\OrganizeBookmarks.vcxproj", "{2B7BE5A2-D2F9-454B-9AC7-81297668454A}"
EndProject
Project("{8BC9CEB8-8B4A-11D0-8D11-00A0C91BC942}") = "mp3wrap", "mp3wrap\mp3wrap.vcxproj", "{B6E6BBB4-2FC5-4FE4-A47D-BEF71EEE7BFE}"
EndProject
Project("{8BC9CEB8-8B4A-11D0-8D11-00A0C91BC942}") = "integer_sqrt", "integer_sqrt\integer_sqrt.vcxproj", "{79F76DA6-AECF-4CDD-B456-E6E03EC654BF}"
EndProject
Project("{8BC9CEB8-8B4A-11D0-8D11-00A0C91BC942}") = "fofx", "fofx\fofx.vcxproj", "{D7E3F769-6B27-45E0-B362-197EB68AAABE}"
EndProject
Project("{8BC9CEB8-8B4A-11D0-8D11-00A0C91BC942}") = "test", "test\test.vcxproj", "{4573F3C0-5D28-451F-8723-D61B3FD37B2B}"
EndProject
Project("{8BC9CEB8-8B4A-11D0-8D11-00A0C91BC942}") = "LinkedList", "LinkedList\LinkedList.vcxproj", "{89246730-A5D6-47B0-8EB9-94A5475E1DA3}"
EndProject
Project("{FAE04EC0-301F-11D3-BF4B-00C04F79EFBC}") = "ResourcesTechUpgrades", "ResourcesTechUpgrades\ResourcesTechUpgrades.csproj", "{7FE54D07-C2CE-4854-8934-248134268CB5}"
EndProject
Project("{2150E333-8FDC-42A3-9474-1A3956D46DE8}") = "Solution Items", "Solution Items", "{6A59A08E-C98A-4E53-AE76-E16F25AC57AF}"
	ProjectSection(SolutionItems) = preProject
		Resources Quest Conversion.xlsx = Resources Quest Conversion.xlsx
	EndProjectSection
EndProject
Project("{8BC9CEB8-8B4A-11D0-8D11-00A0C91BC942}") = "TechUpgrades", "TechUpgrades\TechUpgrades.vcxproj", "{F4967628-C1B5-4EF6-AE63-9255E408AA67}"
EndProject
Project("{FAE04EC0-301F-11D3-BF4B-00C04F79EFBC}") = "BloodSugar", "BloodSugar\BloodSugar.csproj", "{B5D567FC-2AAF-A09E-29B5-661F68306805}"
EndProject
Project("{8BC9CEB8-8B4A-11D0-8D11-00A0C91BC942}") = "nand2tetris", "Challenges\nand2tetris\nand2tetris.vcxproj", "{EAEEB16C-B09D-41E6-AD61-3FFFFE6AC495}"
EndProject
Global
	GlobalSection(SolutionConfigurationPlatforms) = preSolution
		Debug|Any CPU = Debug|Any CPU
		Debug|ARM = Debug|ARM
		Debug|ARM64 = Debug|ARM64
		Debug|x64 = Debug|x64
		Debug|x86 = Debug|x86
		Release|Any CPU = Release|Any CPU
		Release|ARM = Release|ARM
		Release|ARM64 = Release|ARM64
		Release|x64 = Release|x64
		Release|x86 = Release|x86
	EndGlobalSection
	GlobalSection(ProjectConfigurationPlatforms) = postSolution
		{3C4C3160-4C60-48FA-BF61-669BECD2CB9A}.Debug|Any CPU.ActiveCfg = Debug|Win32
		{3C4C3160-4C60-48FA-BF61-669BECD2CB9A}.Debug|ARM.ActiveCfg = Debug|Win32
		{3C4C3160-4C60-48FA-BF61-669BECD2CB9A}.Debug|ARM64.ActiveCfg = Debug|Win32
		{3C4C3160-4C60-48FA-BF61-669BECD2CB9A}.Debug|x64.ActiveCfg = Debug|x64
		{3C4C3160-4C60-48FA-BF61-669BECD2CB9A}.Debug|x64.Build.0 = Debug|x64
		{3C4C3160-4C60-48FA-BF61-669BECD2CB9A}.Debug|x86.ActiveCfg = Debug|Win32
		{3C4C3160-4C60-48FA-BF61-669BECD2CB9A}.Debug|x86.Build.0 = Debug|Win32
		{3C4C3160-4C60-48FA-BF61-669BECD2CB9A}.Release|Any CPU.ActiveCfg = Release|Win32
		{3C4C3160-4C60-48FA-BF61-669BECD2CB9A}.Release|ARM.ActiveCfg = Release|Win32
		{3C4C3160-4C60-48FA-BF61-669BECD2CB9A}.Release|ARM64.ActiveCfg = Release|Win32
		{3C4C3160-4C60-48FA-BF61-669BECD2CB9A}.Release|x64.ActiveCfg = Release|x64
		{3C4C3160-4C60-48FA-BF61-669BECD2CB9A}.Release|x64.Build.0 = Release|x64
		{3C4C3160-4C60-48FA-BF61-669BECD2CB9A}.Release|x86.ActiveCfg = Release|Win32
		{3C4C3160-4C60-48FA-BF61-669BECD2CB9A}.Release|x86.Build.0 = Release|Win32
		{B1B40067-E616-430F-B0AD-BC9EE77BEE27}.Debug|Any CPU.ActiveCfg = Debug|Win32
		{B1B40067-E616-430F-B0AD-BC9EE77BEE27}.Debug|ARM.ActiveCfg = Debug|Win32
		{B1B40067-E616-430F-B0AD-BC9EE77BEE27}.Debug|ARM64.ActiveCfg = Debug|Win32
		{B1B40067-E616-430F-B0AD-BC9EE77BEE27}.Debug|x64.ActiveCfg = Debug|x64
		{B1B40067-E616-430F-B0AD-BC9EE77BEE27}.Debug|x64.Build.0 = Debug|x64
		{B1B40067-E616-430F-B0AD-BC9EE77BEE27}.Debug|x86.ActiveCfg = Debug|Win32
		{B1B40067-E616-430F-B0AD-BC9EE77BEE27}.Debug|x86.Build.0 = Debug|Win32
		{B1B40067-E616-430F-B0AD-BC9EE77BEE27}.Release|Any CPU.ActiveCfg = Release|Win32
		{B1B40067-E616-430F-B0AD-BC9EE77BEE27}.Release|ARM.ActiveCfg = Release|Win32
		{B1B40067-E616-430F-B0AD-BC9EE77BEE27}.Release|ARM64.ActiveCfg = Release|Win32
		{B1B40067-E616-430F-B0AD-BC9EE77BEE27}.Release|x64.ActiveCfg = Release|x64
		{B1B40067-E616-430F-B0AD-BC9EE77BEE27}.Release|x64.Build.0 = Release|x64
		{B1B40067-E616-430F-B0AD-BC9EE77BEE27}.Release|x86.ActiveCfg = Release|Win32
		{B1B40067-E616-430F-B0AD-BC9EE77BEE27}.Release|x86.Build.0 = Release|Win32
		{2B7BE5A2-D2F9-454B-9AC7-81297668454A}.Debug|Any CPU.ActiveCfg = Debug|Win32
		{2B7BE5A2-D2F9-454B-9AC7-81297668454A}.Debug|ARM.ActiveCfg = Debug|Win32
		{2B7BE5A2-D2F9-454B-9AC7-81297668454A}.Debug|ARM64.ActiveCfg = Debug|Win32
		{2B7BE5A2-D2F9-454B-9AC7-81297668454A}.Debug|x64.ActiveCfg = Debug|x64
		{2B7BE5A2-D2F9-454B-9AC7-81297668454A}.Debug|x64.Build.0 = Debug|x64
		{2B7BE5A2-D2F9-454B-9AC7-81297668454A}.Debug|x86.ActiveCfg = Debug|Win32
		{2B7BE5A2-D2F9-454B-9AC7-81297668454A}.Debug|x86.Build.0 = Debug|Win32
		{2B7BE5A2-D2F9-454B-9AC7-81297668454A}.Release|Any CPU.ActiveCfg = Release|Win32
		{2B7BE5A2-D2F9-454B-9AC7-81297668454A}.Release|ARM.ActiveCfg = Release|Win32
		{2B7BE5A2-D2F9-454B-9AC7-81297668454A}.Release|ARM64.ActiveCfg = Release|Win32
		{2B7BE5A2-D2F9-454B-9AC7-81297668454A}.Release|x64.ActiveCfg = Release|x64
		{2B7BE5A2-D2F9-454B-9AC7-81297668454A}.Release|x64.Build.0 = Release|x64
		{2B7BE5A2-D2F9-454B-9AC7-81297668454A}.Release|x86.ActiveCfg = Release|Win32
		{2B7BE5A2-D2F9-454B-9AC7-81297668454A}.Release|x86.Build.0 = Release|Win32
		{B6E6BBB4-2FC5-4FE4-A47D-BEF71EEE7BFE}.Debug|Any CPU.ActiveCfg = Debug|Win32
		{B6E6BBB4-2FC5-4FE4-A47D-BEF71EEE7BFE}.Debug|ARM.ActiveCfg = Debug|Win32
		{B6E6BBB4-2FC5-4FE4-A47D-BEF71EEE7BFE}.Debug|ARM64.ActiveCfg = Debug|Win32
		{B6E6BBB4-2FC5-4FE4-A47D-BEF71EEE7BFE}.Debug|x64.ActiveCfg = Debug|x64
		{B6E6BBB4-2FC5-4FE4-A47D-BEF71EEE7BFE}.Debug|x64.Build.0 = Debug|x64
		{B6E6BBB4-2FC5-4FE4-A47D-BEF71EEE7BFE}.Debug|x86.ActiveCfg = Debug|Win32
		{B6E6BBB4-2FC5-4FE4-A47D-BEF71EEE7BFE}.Debug|x86.Build.0 = Debug|Win32
		{B6E6BBB4-2FC5-4FE4-A47D-BEF71EEE7BFE}.Release|Any CPU.ActiveCfg = Release|Win32
		{B6E6BBB4-2FC5-4FE4-A47D-BEF71EEE7BFE}.Release|ARM.ActiveCfg = Release|Win32
		{B6E6BBB4-2FC5-4FE4-A47D-BEF71EEE7BFE}.Release|ARM64.ActiveCfg = Release|Win32
		{B6E6BBB4-2FC5-4FE4-A47D-BEF71EEE7BFE}.Release|x64.ActiveCfg = Release|x64
		{B6E6BBB4-2FC5-4FE4-A47D-BEF71EEE7BFE}.Release|x64.Build.0 = Release|x64
		{B6E6BBB4-2FC5-4FE4-A47D-BEF71EEE7BFE}.Release|x86.ActiveCfg = Release|Win32
		{B6E6BBB4-2FC5-4FE4-A47D-BEF71EEE7BFE}.Release|x86.Build.0 = Release|Win32
		{79F76DA6-AECF-4CDD-B456-E6E03EC654BF}.Debug|Any CPU.ActiveCfg = Debug|Win32
		{79F76DA6-AECF-4CDD-B456-E6E03EC654BF}.Debug|ARM.ActiveCfg = Debug|Win32
		{79F76DA6-AECF-4CDD-B456-E6E03EC654BF}.Debug|ARM64.ActiveCfg = Debug|Win32
		{79F76DA6-AECF-4CDD-B456-E6E03EC654BF}.Debug|x64.ActiveCfg = Debug|x64
		{79F76DA6-AECF-4CDD-B456-E6E03EC654BF}.Debug|x64.Build.0 = Debug|x64
		{79F76DA6-AECF-4CDD-B456-E6E03EC654BF}.Debug|x86.ActiveCfg = Debug|Win32
		{79F76DA6-AECF-4CDD-B456-E6E03EC654BF}.Debug|x86.Build.0 = Debug|Win32
		{79F76DA6-AECF-4CDD-B456-E6E03EC654BF}.Release|Any CPU.ActiveCfg = Release|Win32
		{79F76DA6-AECF-4CDD-B456-E6E03EC654BF}.Release|ARM.ActiveCfg = Release|Win32
		{79F76DA6-AECF-4CDD-B456-E6E03EC654BF}.Release|ARM64.ActiveCfg = Release|Win32
		{79F76DA6-AECF-4CDD-B456-E6E03EC654BF}.Release|x64.ActiveCfg = Release|x64
		{79F76DA6-AECF-4CDD-B456-E6E03EC654BF}.Release|x64.Build.0 = Release|x64
		{79F76DA6-AECF-4CDD-B456-E6E03EC654BF}.Release|x86.ActiveCfg = Release|Win32
		{79F76DA6-AECF-4CDD-B456-E6E03EC654BF}.Release|x86.Build.0 = Release|Win32
		{D7E3F769-6B27-45E0-B362-197EB68AAABE}.Debug|Any CPU.ActiveCfg = Debug|Win32
		{D7E3F769-6B27-45E0-B362-197EB68AAABE}.Debug|ARM.ActiveCfg = Debug|Win32
		{D7E3F769-6B27-45E0-B362-197EB68AAABE}.Debug|ARM64.ActiveCfg = Debug|Win32
		{D7E3F769-6B27-45E0-B362-197EB68AAABE}.Debug|x64.ActiveCfg = Debug|x64
		{D7E3F769-6B27-45E0-B362-197EB68AAABE}.Debug|x64.Build.0 = Debug|x64
		{D7E3F769-6B27-45E0-B362-197EB68AAABE}.Debug|x86.ActiveCfg = Debug|Win32
		{D7E3F769-6B27-45E0-B362-197EB68AAABE}.Debug|x86.Build.0 = Debug|Win32
		{D7E3F769-6B27-45E0-B362-197EB68AAABE}.Release|Any CPU.ActiveCfg = Release|Win32
		{D7E3F769-6B27-45E0-B362-197EB68AAABE}.Release|ARM.ActiveCfg = Release|Win32
		{D7E3F769-6B27-45E0-B362-197EB68AAABE}.Release|ARM64.ActiveCfg = Release|Win32
		{D7E3F769-6B27-45E0-B362-197EB68AAABE}.Release|x64.ActiveCfg = Release|x64
		{D7E3F769-6B27-45E0-B362-197EB68AAABE}.Release|x64.Build.0 = Release|x64
		{D7E3F769-6B27-45E0-B362-197EB68AAABE}.Release|x86.ActiveCfg = Release|Win32
		{D7E3F769-6B27-45E0-B362-197EB68AAABE}.Release|x86.Build.0 = Release|Win32
		{4573F3C0-5D28-451F-8723-D61B3FD37B2B}.Debug|Any CPU.ActiveCfg = Debug|Win32
		{4573F3C0-5D28-451F-8723-D61B3FD37B2B}.Debug|ARM.ActiveCfg = Debug|Win32
		{4573F3C0-5D28-451F-8723-D61B3FD37B2B}.Debug|ARM64.ActiveCfg = Debug|Win32
		{4573F3C0-5D28-451F-8723-D61B3FD37B2B}.Debug|x64.ActiveCfg = Debug|x64
		{4573F3C0-5D28-451F-8723-D61B3FD37B2B}.Debug|x64.Build.0 = Debug|x64
		{4573F3C0-5D28-451F-8723-D61B3FD37B2B}.Debug|x86.ActiveCfg = Debug|Win32
		{4573F3C0-5D28-451F-8723-D61B3FD37B2B}.Debug|x86.Build.0 = Debug|Win32
		{4573F3C0-5D28-451F-8723-D61B3FD37B2B}.Release|Any CPU.ActiveCfg = Release|Win32
		{4573F3C0-5D28-451F-8723-D61B3FD37B2B}.Release|ARM.ActiveCfg = Release|Win32
		{4573F3C0-5D28-451F-8723-D61B3FD37B2B}.Release|ARM64.ActiveCfg = Release|Win32
		{4573F3C0-5D28-451F-8723-D61B3FD37B2B}.Release|x64.ActiveCfg = Release|x64
		{4573F3C0-5D28-451F-8723-D61B3FD37B2B}.Release|x64.Build.0 = Release|x64
		{4573F3C0-5D28-451F-8723-D61B3FD37B2B}.Release|x86.ActiveCfg = Release|Win32
		{4573F3C0-5D28-451F-8723-D61B3FD37B2B}.Release|x86.Build.0 = Release|Win32
		{89246730-A5D6-47B0-8EB9-94A5475E1DA3}.Debug|Any CPU.ActiveCfg = Debug|Win32
		{89246730-A5D6-47B0-8EB9-94A5475E1DA3}.Debug|ARM.ActiveCfg = Debug|Win32
		{89246730-A5D6-47B0-8EB9-94A5475E1DA3}.Debug|ARM64.ActiveCfg = Debug|Win32
		{89246730-A5D6-47B0-8EB9-94A5475E1DA3}.Debug|x64.ActiveCfg = Debug|x64
		{89246730-A5D6-47B0-8EB9-94A5475E1DA3}.Debug|x64.Build.0 = Debug|x64
		{89246730-A5D6-47B0-8EB9-94A5475E1DA3}.Debug|x86.ActiveCfg = Debug|Win32
		{89246730-A5D6-47B0-8EB9-94A5475E1DA3}.Debug|x86.Build.0 = Debug|Win32
		{89246730-A5D6-47B0-8EB9-94A5475E1DA3}.Release|Any CPU.ActiveCfg = Release|Win32
		{89246730-A5D6-47B0-8EB9-94A5475E1DA3}.Release|ARM.ActiveCfg = Release|Win32
		{89246730-A5D6-47B0-8EB9-94A5475E1DA3}.Release|ARM64.ActiveCfg = Release|Win32
		{89246730-A5D6-47B0-8EB9-94A5475E1DA3}.Release|x64.ActiveCfg = Release|x64
		{89246730-A5D6-47B0-8EB9-94A5475E1DA3}.Release|x64.Build.0 = Release|x64
		{89246730-A5D6-47B0-8EB9-94A5475E1DA3}.Release|x86.ActiveCfg = Release|Win32
		{89246730-A5D6-47B0-8EB9-94A5475E1DA3}.Release|x86.Build.0 = Release|Win32
		{7FE54D07-C2CE-4854-8934-248134268CB5}.Debug|Any CPU.ActiveCfg = Debug|Any CPU
		{7FE54D07-C2CE-4854-8934-248134268CB5}.Debug|Any CPU.Build.0 = Debug|Any CPU
		{7FE54D07-C2CE-4854-8934-248134268CB5}.Debug|ARM.ActiveCfg = Debug|Any CPU
		{7FE54D07-C2CE-4854-8934-248134268CB5}.Debug|ARM.Build.0 = Debug|Any CPU
		{7FE54D07-C2CE-4854-8934-248134268CB5}.Debug|ARM64.ActiveCfg = Debug|Any CPU
		{7FE54D07-C2CE-4854-8934-248134268CB5}.Debug|ARM64.Build.0 = Debug|Any CPU
		{7FE54D07-C2CE-4854-8934-248134268CB5}.Debug|x64.ActiveCfg = Debug|Any CPU
		{7FE54D07-C2CE-4854-8934-248134268CB5}.Debug|x64.Build.0 = Debug|Any CPU
		{7FE54D07-C2CE-4854-8934-248134268CB5}.Debug|x86.ActiveCfg = Debug|Any CPU
		{7FE54D07-C2CE-4854-8934-248134268CB5}.Debug|x86.Build.0 = Debug|Any CPU
		{7FE54D07-C2CE-4854-8934-248134268CB5}.Release|Any CPU.ActiveCfg = Release|Any CPU
		{7FE54D07-C2CE-4854-8934-248134268CB5}.Release|Any CPU.Build.0 = Release|Any CPU
		{7FE54D07-C2CE-4854-8934-248134268CB5}.Release|ARM.ActiveCfg = Release|Any CPU
		{7FE54D07-C2CE-4854-8934-248134268CB5}.Release|ARM.Build.0 = Release|Any CPU
		{7FE54D07-C2CE-4854-8934-248134268CB5}.Release|ARM64.ActiveCfg = Release|Any CPU
		{7FE54D07-C2CE-4854-8934-248134268CB5}.Release|ARM64.Build.0 = Release|Any CPU
		{7FE54D07-C2CE-4854-8934-248134268CB5}.Release|x64.ActiveCfg = Release|Any CPU
		{7FE54D07-C2CE-4854-8934-248134268CB5}.Release|x64.Build.0 = Release|Any CPU
		{7FE54D07-C2CE-4854-8934-248134268CB5}.Release|x86.ActiveCfg = Release|Any CPU
		{7FE54D07-C2CE-4854-8934-248134268CB5}.Release|x86.Build.0 = Release|Any CPU
		{F4967628-C1B5-4EF6-AE63-9255E408AA67}.Debug|Any CPU.ActiveCfg = Debug|Win32
		{F4967628-C1B5-4EF6-AE63-9255E408AA67}.Debug|ARM.ActiveCfg = Debug|Win32
		{F4967628-C1B5-4EF6-AE63-9255E408AA67}.Debug|ARM64.ActiveCfg = Debug|Win32
		{F4967628-C1B5-4EF6-AE63-9255E408AA67}.Debug|x64.ActiveCfg = Debug|x64
		{F4967628-C1B5-4EF6-AE63-9255E408AA67}.Debug|x64.Build.0 = Debug|x64
		{F4967628-C1B5-4EF6-AE63-9255E408AA67}.Debug|x86.ActiveCfg = Debug|Win32
		{F4967628-C1B5-4EF6-AE63-9255E408AA67}.Debug|x86.Build.0 = Debug|Win32
		{F4967628-C1B5-4EF6-AE63-9255E408AA67}.Release|Any CPU.ActiveCfg = Release|Win32
		{F4967628-C1B5-4EF6-AE63-9255E408AA67}.Release|ARM.ActiveCfg = Release|Win32
		{F4967628-C1B5-4EF6-AE63-9255E408AA67}.Release|ARM64.ActiveCfg = Release|Win32
		{F4967628-C1B5-4EF6-AE63-9255E408AA67}.Release|x64.ActiveCfg = Release|x64
		{F4967628-C1B5-4EF6-AE63-9255E408AA67}.Release|x64.Build.0 = Release|x64
		{F4967628-C1B5-4EF6-AE63-9255E408AA67}.Release|x86.ActiveCfg = Release|Win32
		{F4967628-C1B5-4EF6-AE63-9255E408AA67}.Release|x86.Build.0 = Release|Win32
		{B5D567FC-2AAF-A09E-29B5-661F68306805}.Debug|Any CPU.ActiveCfg = Debug|Any CPU
		{B5D567FC-2AAF-A09E-29B5-661F68306805}.Debug|Any CPU.Build.0 = Debug|Any CPU
		{B5D567FC-2AAF-A09E-29B5-661F68306805}.Debug|ARM.ActiveCfg = Debug|Any CPU
		{B5D567FC-2AAF-A09E-29B5-661F68306805}.Debug|ARM.Build.0 = Debug|Any CPU
		{B5D567FC-2AAF-A09E-29B5-661F68306805}.Debug|ARM64.ActiveCfg = Debug|Any CPU
		{B5D567FC-2AAF-A09E-29B5-661F68306805}.Debug|ARM64.Build.0 = Debug|Any CPU
		{B5D567FC-2AAF-A09E-29B5-661F68306805}.Debug|x64.ActiveCfg = Debug|Any CPU
		{B5D567FC-2AAF-A09E-29B5-661F68306805}.Debug|x64.Build.0 = Debug|Any CPU
		{B5D567FC-2AAF-A09E-29B5-661F68306805}.Debug|x86.ActiveCfg = Debug|Any CPU
		{B5D567FC-2AAF-A09E-29B5-661F68306805}.Debug|x86.Build.0 = Debug|Any CPU
		{B5D567FC-2AAF-A09E-29B5-661F68306805}.Release|Any CPU.ActiveCfg = Release|Any CPU
		{B5D567FC-2AAF-A09E-29B5-661F68306805}.Release|Any CPU.Build.0 = Release|Any CPU
		{B5D567FC-2AAF-A09E-29B5-661F68306805}.Release|ARM.ActiveCfg = Release|Any CPU
		{B5D567FC-2AAF-A09E-29B5-661F68306805}.Release|ARM.Build.0 = Release|Any CPU
		{B5D567FC-2AAF-A09E-29B5-661F68306805}.Release|ARM64.ActiveCfg = Release|Any CPU
		{B5D567FC-2AAF-A09E-29B5-661F68306805}.Release|ARM64.Build.0 = Release|Any CPU
		{B5D567FC-2AAF-A09E-29B5-661F68306805}.Release|x64.ActiveCfg = Release|Any CPU
		{B5D567FC-2AAF-A09E-29B5-661F68306805}.Release|x64.Build.0 = Release|Any CPU
		{B5D567FC-2AAF-A09E-29B5-661F68306805}.Release|x86.ActiveCfg = Release|Any CPU
		{B5D567FC-2AAF-A09E-29B5-661F68306805}.Release|x86.Build.0 = Release|Any CPU
		{EAEEB16C-B09D-41E6-AD61-3FFFFE6AC495}.Debug|Any CPU.ActiveCfg = Debug|Win32
		{EAEEB16C-B09D-41E6-AD61-3FFFFE6AC495}.Debug|ARM.ActiveCfg = Debug|Win32
		{EAEEB16C-B09D-41E6-AD61-3FFFFE6AC495}.Debug|ARM64.ActiveCfg = Debug|Win32
		{EAEEB16C-B09D-41E6-AD61-3FFFFE6AC495}.Debug|x64.ActiveCfg = Debug|x64
		{EAEEB16C-B09D-41E6-AD61-3FFFFE6AC495}.Debug|x64.Build.0 = Debug|x64
		{EAEEB16C-B09D-41E6-AD61-3FFFFE6AC495}.Debug|x86.ActiveCfg = Debug|Win32
		{EAEEB16C-B09D-41E6-AD61-3FFFFE6AC495}.Debug|x86.Build.0 = Debug|Win32
		{EAEEB16C-B09D-41E6-AD61-3FFFFE6AC495}.Release|Any CPU.ActiveCfg = Release|Win32
		{EAEEB16C-B09D-41E6-AD61-3FFFFE6AC495}.Release|ARM.ActiveCfg = Release|Win32
		{EAEEB16C-B09D-41E6-AD61-3FFFFE6AC495}.Release|ARM64.ActiveCfg = Release|Win32
		{EAEEB16C-B09D-41E6-AD61-3FFFFE6AC495}.Release|x64.ActiveCfg = Release|x64
		{EAEEB16C-B09D-41E6-AD61-3FFFFE6AC495}.Release|x64.Build.0 = Release|x64
		{EAEEB16C-B09D-41E6-AD61-3FFFFE6AC495}.Release|x86.ActiveCfg = Release|Win32
		{EAEEB16C-B09D-41E6-AD61-3FFFFE6AC495}.Release|x86.Build.0 = Release|Win32
	EndGlobalSection
	GlobalSection(SolutionProperties) = preSolution
		HideSolutionNode = FALSE
	EndGlobalSection
	GlobalSection(ExtensibilityGlobals) = postSolution
		SolutionGuid = {E664EBF9-0461-4A95-B434-F0BC0B045184}
	EndGlobalSection
EndGlobal
